// !$*UTF8*$!
{
	archiveVersion = 1;
	classes = {
	};
	objectVersion = 46;
	objects = {

/* Begin PBXBuildFile section */
		54C24FB61CD34AD100B7BA25 /* main.m in Sources */ = {isa = PBXBuildFile; fileRef = 54C24FB51CD34AD100B7BA25 /* main.m */; };
		54C24FB91CD34AD100B7BA25 /* AppDelegate.m in Sources */ = {isa = PBXBuildFile; fileRef = 54C24FB81CD34AD100B7BA25 /* AppDelegate.m */; };
		54C24FBC1CD34AD100B7BA25 /* ViewController.m in Sources */ = {isa = PBXBuildFile; fileRef = 54C24FBB1CD34AD100B7BA25 /* ViewController.m */; };
		54C24FBF1CD34AD100B7BA25 /* Main.storyboard in Resources */ = {isa = PBXBuildFile; fileRef = 54C24FBD1CD34AD100B7BA25 /* Main.storyboard */; };
		54C24FC11CD34AD100B7BA25 /* Assets.xcassets in Resources */ = {isa = PBXBuildFile; fileRef = 54C24FC01CD34AD100B7BA25 /* Assets.xcassets */; };
		54C24FC41CD34AD100B7BA25 /* LaunchScreen.storyboard in Resources */ = {isa = PBXBuildFile; fileRef = 54C24FC21CD34AD100B7BA25 /* LaunchScreen.storyboard */; };
/* End PBXBuildFile section */

/* Begin PBXFileReference section */
		54C24FB11CD34AD100B7BA25 /* VideoCall.app */ = {isa = PBXFileReference; explicitFileType = wrapper.application; includeInIndex = 0; path = VideoCall.app; sourceTree = BUILT_PRODUCTS_DIR; };
		54C24FB51CD34AD100B7BA25 /* main.m */ = {isa = PBXFileReference; lastKnownFileType = sourcecode.c.objc; path = main.m; sourceTree = "<group>"; };
		54C24FB71CD34AD100B7BA25 /* AppDelegate.h */ = {isa = PBXFileReference; lastKnownFileType = sourcecode.c.h; path = AppDelegate.h; sourceTree = "<group>"; };
		54C24FB81CD34AD100B7BA25 /* AppDelegate.m */ = {isa = PBXFileReference; lastKnownFileType = sourcecode.c.objc; path = AppDelegate.m; sourceTree = "<group>"; };
		54C24FBA1CD34AD100B7BA25 /* ViewController.h */ = {isa = PBXFileReference; lastKnownFileType = sourcecode.c.h; path = ViewController.h; sourceTree = "<group>"; };
		54C24FBB1CD34AD100B7BA25 /* ViewController.m */ = {isa = PBXFileReference; lastKnownFileType = sourcecode.c.objc; path = ViewController.m; sourceTree = "<group>"; };
		54C24FBE1CD34AD100B7BA25 /* Base */ = {isa = PBXFileReference; lastKnownFileType = file.storyboard; name = Base; path = Base.lproj/Main.storyboard; sourceTree = "<group>"; };
		54C24FC01CD34AD100B7BA25 /* Assets.xcassets */ = {isa = PBXFileReference; lastKnownFileType = folder.assetcatalog; path = Assets.xcassets; sourceTree = "<group>"; };
		54C24FC31CD34AD100B7BA25 /* Base */ = {isa = PBXFileReference; lastKnownFileType = file.storyboard; name = Base; path = Base.lproj/LaunchScreen.storyboard; sourceTree = "<group>"; };
		54C24FC51CD34AD100B7BA25 /* Info.plist */ = {isa = PBXFileReference; lastKnownFileType = text.plist.xml; path = Info.plist; sourceTree = "<group>"; };
/* End PBXFileReference section */

/* Begin PBXFrameworksBuildPhase section */
		54C24FAE1CD34AD100B7BA25 /* Frameworks */ = {
			isa = PBXFrameworksBuildPhase;
			buildActionMask = 2147483647;
			files = (
			);
			runOnlyForDeploymentPostprocessing = 0;
		};
/* End PBXFrameworksBuildPhase section */

/* Begin PBXGroup section */
		54C24FA81CD34AD100B7BA25 = {
			isa = PBXGroup;
			children = (
				54C24FB31CD34AD100B7BA25 /* VideoCall */,
				54C24FB21CD34AD100B7BA25 /* Products */,
			);
			sourceTree = "<group>";
		};
		54C24FB21CD34AD100B7BA25 /* Products */ = {
			isa = PBXGroup;
			children = (
				54C24FB11CD34AD100B7BA25 /* VideoCall.app */,
			);
			name = Products;
			sourceTree = "<group>";
		};
		54C24FB31CD34AD100B7BA25 /* VideoCall */ = {
			isa = PBXGroup;
			children = (
				54C24FB71CD34AD100B7BA25 /* AppDelegate.h */,
				54C24FB81CD34AD100B7BA25 /* AppDelegate.m */,
				54C24FBA1CD34AD100B7BA25 /* ViewController.h */,
				54C24FBB1CD34AD100B7BA25 /* ViewController.m */,
				54C24FBD1CD34AD100B7BA25 /* Main.storyboard */,
				54C24FC01CD34AD100B7BA25 /* Assets.xcassets */,
				54C24FC21CD34AD100B7BA25 /* LaunchScreen.storyboard */,
				54C24FC51CD34AD100B7BA25 /* Info.plist */,
				54C24FB41CD34AD100B7BA25 /* Supporting Files */,
			);
			path = VideoCall;
			sourceTree = "<group>";
		};
		54C24FB41CD34AD100B7BA25 /* Supporting Files */ = {
			isa = PBXGroup;
			children = (
				54C24FB51CD34AD100B7BA25 /* main.m */,
			);
			name = "Supporting Files";
			sourceTree = "<group>";
		};
/* End PBXGroup section */

/* Begin PBXNativeTarget section */
		54C24FB01CD34AD100B7BA25 /* VideoCall */ = {
			isa = PBXNativeTarget;
			buildConfigurationList = 54C24FC81CD34AD100B7BA25 /* Build configuration list for PBXNativeTarget "VideoCall" */;
			buildPhases = (
				54C24FAD1CD34AD100B7BA25 /* Sources */,
				54C24FAE1CD34AD100B7BA25 /* Frameworks */,
				54C24FAF1CD34AD100B7BA25 /* Resources */,
			);
			buildRules = (
			);
			dependencies = (
			);
			name = VideoCall;
			productName = VideoCall;
			productReference = 54C24FB11CD34AD100B7BA25 /* VideoCall.app */;
			productType = "com.apple.product-type.application";
		};
/* End PBXNativeTarget section */

/* Begin PBXProject section */
		54C24FA91CD34AD100B7BA25 /* Project object */ = {
			isa = PBXProject;
			attributes = {
				LastUpgradeCheck = 0730;
				ORGANIZATIONNAME = "include tech";
				TargetAttributes = {
					54C24FB01CD34AD100B7BA25 = {
						CreatedOnToolsVersion = 7.3;
					};
				};
			};
			buildConfigurationList = 54C24FAC1CD34AD100B7BA25 /* Build configuration list for PBXProject "VideoCall" */;
			compatibilityVersion = "Xcode 3.2";
			developmentRegion = English;
			hasScannedForEncodings = 0;
			knownRegions = (
				en,
				Base,
			);
			mainGroup = 54C24FA81CD34AD100B7BA25;
			productRefGroup = 54C24FB21CD34AD100B7BA25 /* Products */;
			projectDirPath = "";
			projectRoot = "";
			targets = (
				54C24FB01CD34AD100B7BA25 /* VideoCall */,
			);
		};
/* End PBXProject section */

/* Begin PBXResourcesBuildPhase section */
		54C24FAF1CD34AD100B7BA25 /* Resources */ = {
			isa = PBXResourcesBuildPhase;
			buildActionMask = 2147483647;
			files = (
				54C24FC41CD34AD100B7BA25 /* LaunchScreen.storyboard in Resources */,
				54C24FC11CD34AD100B7BA25 /* Assets.xcassets in Resources */,
				54C24FBF1CD34AD100B7BA25 /* Main.storyboard in Resources */,
			);
			runOnlyForDeploymentPostprocessing = 0;
		};
/* End PBXResourcesBuildPhase section */

/* Begin PBXSourcesBuildPhase section */
		54C24FAD1CD34AD100B7BA25 /* Sources */ = {
			isa = PBXSourcesBuildPhase;
			buildActionMask = 2147483647;
			files = (
				54C24FBC1CD34AD100B7BA25 /* ViewController.m in Sources */,
				54C24FB91CD34AD100B7BA25 /* AppDelegate.m in Sources */,
				54C24FB61CD34AD100B7BA25 /* main.m in Sources */,
			);
			runOnlyForDeploymentPostprocessing = 0;
		};
/* End PBXSourcesBuildPhase section */

/* Begin PBXVariantGroup section */
		54C24FBD1CD34AD100B7BA25 /* Main.storyboard */ = {
			isa = PBXVariantGroup;
			children = (
				54C24FBE1CD34AD100B7BA25 /* Base */,
			);
			name = Main.storyboard;
			sourceTree = "<group>";
		};
		54C24FC21CD34AD100B7BA25 /* LaunchScreen.storyboard */ = {
			isa = PBXVariantGroup;
			children = (
				54C24FC31CD34AD100B7BA25 /* Base */,
			);
			name = LaunchScreen.storyboard;
			sourceTree = "<group>";
		};
/* End PBXVariantGroup section */

/* Begin XCBuildConfiguration section */
		54C24FC61CD34AD100B7BA25 /* Debug */ = {
			isa = XCBuildConfiguration;
			buildSettings = {
				ALWAYS_SEARCH_USER_PATHS = NO;
				CLANG_ANALYZER_NONNULL = YES;
				CLANG_CXX_LANGUAGE_STANDARD = "gnu++0x";
				CLANG_CXX_LIBRARY = "libc++";
				CLANG_ENABLE_MODULES = YES;
				CLANG_ENABLE_OBJC_ARC = YES;
				CLANG_WARN_BOOL_CONVERSION = YES;
				CLANG_WARN_CONSTANT_CONVERSION = YES;
				CLANG_WARN_DIRECT_OBJC_ISA_USAGE = YES_ERROR;
				CLANG_WARN_EMPTY_BODY = YES;
				CLANG_WARN_ENUM_CONVERSION = YES;
				CLANG_WARN_INT_CONVERSION = YES;
				CLANG_WARN_OBJC_ROOT_CLASS = YES_ERROR;
				CLANG_WARN_UNREACHABLE_CODE = YES;
				CLANG_WARN__DUPLICATE_METHOD_MATCH = YES;
				"CODE_SIGN_IDENTITY[sdk=iphoneos*]" = "iPhone Developer";
				COPY_PHASE_STRIP = NO;
				DEBUG_INFORMATION_FORMAT = dwarf;
				ENABLE_STRICT_OBJC_MSGSEND = YES;
				ENABLE_TESTABILITY = YES;
				GCC_C_LANGUAGE_STANDARD = gnu99;
				GCC_DYNAMIC_NO_PIC = NO;
				GCC_NO_COMMON_BLOCKS = YES;
				GCC_OPTIMIZATION_LEVEL = 0;
				GCC_PREPROCESSOR_DEFINITIONS = (
					"DEBUG=1",
					"$(inherited)",
				);
				GCC_WARN_64_TO_32_BIT_CONVERSION = YES;
				GCC_WARN_ABOUT_RETURN_TYPE = YES_ERROR;
				GCC_WARN_UNDECLARED_SELECTOR = YES;
				GCC_WARN_UNINITIALIZED_AUTOS = YES_AGGRESSIVE;
				GCC_WARN_UNUSED_FUNCTION = YES;
				GCC_WARN_UNUSED_VARIABLE = YES;
				IPHONEOS_DEPLOYMENT_TARGET = 9.3;
				MTL_ENABLE_DEBUG_INFO = YES;
				ONLY_ACTIVE_ARCH = YES;
				SDKROOT = iphoneos;
			};
			name = Debug;
		};
		54C24FC71CD34AD100B7BA25 /* Release */ = {
			isa = XCBuildConfiguration;
			buildSettings = {
				ALWAYS_SEARCH_USER_PATHS = NO;
				CLANG_ANALYZER_NONNULL = YES;
				CLANG_CXX_LANGUAGE_STANDARD = "gnu++0x";
				CLANG_CXX_LIBRARY = "libc++";
				CLANG_ENABLE_MODULES = YES;
				CLANG_ENABLE_OBJC_ARC = YES;
				CLANG_WARN_BOOL_CONVERSION = YES;
				CLANG_WARN_CONSTANT_CONVERSION = YES;
				CLANG_WARN_DIRECT_OBJC_ISA_USAGE = YES_ERROR;
				CLANG_WARN_EMPTY_BODY = YES;
				CLANG_WARN_ENUM_CONVERSION = YES;
				CLANG_WARN_INT_CONVERSION = YES;
				CLANG_WARN_OBJC_ROOT_CLASS = YES_ERROR;
				CLANG_WARN_UNREACHABLE_CODE = YES;
				CLANG_WARN__DUPLICATE_METHOD_MATCH = YES;
				"CODE_SIGN_IDENTITY[sdk=iphoneos*]" = "iPhone Developer";
				COPY_PHASE_STRIP = NO;
				DEBUG_INFORMATION_FORMAT = "dwarf-with-dsym";
				ENABLE_NS_ASSERTIONS = NO;
				ENABLE_STRICT_OBJC_MSGSEND = YES;
				GCC_C_LANGUAGE_STANDARD = gnu99;
				GCC_NO_COMMON_BLOCKS = YES;
				GCC_WARN_64_TO_32_BIT_CONVERSION = YES;
				GCC_WARN_ABOUT_RETURN_TYPE = YES_ERROR;
				GCC_WARN_UNDECLARED_SELECTOR = YES;
				GCC_WARN_UNINITIALIZED_AUTOS = YES_AGGRESSIVE;
				GCC_WARN_UNUSED_FUNCTION = YES;
				GCC_WARN_UNUSED_VARIABLE = YES;
				IPHONEOS_DEPLOYMENT_TARGET = 9.3;
				MTL_ENABLE_DEBUG_INFO = NO;
				SDKROOT = iphoneos;
				VALIDATE_PRODUCT = YES;
			};
			name = Release;
		};
		54C24FC91CD34AD100B7BA25 /* Debug */ = {
			isa = XCBuildConfiguration;
			buildSettings = {
				ASSETCATALOG_COMPILER_APPICON_NAME = AppIcon;
				INFOPLIST_FILE = VideoCall/Info.plist;
				LD_RUNPATH_SEARCH_PATHS = "$(inherited) @executable_path/Frameworks";
				PRODUCT_BUNDLE_IDENTIFIER = com.includetech.test.VideoCall;
				PRODUCT_NAME = "$(TARGET_NAME)";
			};
			name = Debug;
		};
		54C24FCA1CD34AD100B7BA25 /* Release */ = {
			isa = XCBuildConfiguration;
			buildSettings = {
				ASSETCATALOG_COMPILER_APPICON_NAME = AppIcon;
				INFOPLIST_FILE = VideoCall/Info.plist;
				LD_RUNPATH_SEARCH_PATHS = "$(inherited) @executable_path/Frameworks";
				PRODUCT_BUNDLE_IDENTIFIER = com.includetech.test.VideoCall;
				PRODUCT_NAME = "$(TARGET_NAME)";
			};
			name = Release;
		};
/* End XCBuildConfiguration section */

/* Begin XCConfigurationList section */
		54C24FAC1CD34AD100B7BA25 /* Build configuration list for PBXProject "VideoCall" */ = {
			isa = XCConfigurationList;
			buildConfigurations = (
				54C24FC61CD34AD100B7BA25 /* Debug */,
				54C24FC71CD34AD100B7BA25 /* Release */,
			);
			defaultConfigurationIsVisible = 0;
			defaultConfigurationName = Release;
		};
		54C24FC81CD34AD100B7BA25 /* Build configuration list for PBXNativeTarget "VideoCall" */ = {
			isa = XCConfigurationList;
			buildConfigurations = (
				54C24FC91CD34AD100B7BA25 /* Debug */,
				54C24FCA1CD34AD100B7BA25 /* Release */,
			);
			defaultConfigurationIsVisible = 0;
		};
/* End XCConfigurationList section */
	};
	rootObject = 54C24FA91CD34AD100B7BA25 /* Project object */;
}
